
Microsoft Visual Studio Solution File, Format Version 12.00
Project("{FAE04EC0-301F-11D3-BF4B-00C04F79EFBC}") = "14.09.2023", "14.09.2023\14.09.2023.csproj", "{3BC09C6B-ACF2-4A59-86A9-6F8367F8571D}"
EndProject
Global
	GlobalSection(SolutionConfigurationPlatforms) = preSolution
		Debug|Any CPU = Debug|Any CPU
		Release|Any CPU = Release|Any CPU
	EndGlobalSection
	GlobalSection(ProjectConfigurationPlatforms) = postSolution
		{3BC09C6B-ACF2-4A59-86A9-6F8367F8571D}.Debug|Any CPU.ActiveCfg = Debug|Any CPU
		{3BC09C6B-ACF2-4A59-86A9-6F8367F8571D}.Debug|Any CPU.Build.0 = Debug|Any CPU
		{3BC09C6B-ACF2-4A59-86A9-6F8367F8571D}.Release|Any CPU.ActiveCfg = Release|Any CPU
		{3BC09C6B-ACF2-4A59-86A9-6F8367F8571D}.Release|Any CPU.Build.0 = Release|Any CPU
	EndGlobalSection
EndGlobal
