
Microsoft Visual Studio Solution File, Format Version 12.00
Project("{FAE04EC0-301F-11D3-BF4B-00C04F79EFBC}") = "3.12.2023_FlyWeight", "3.12.2023_FlyWeight\3.12.2023_FlyWeight.csproj", "{AAF3C32C-07BE-4176-BC4D-63CAED12F04C}"
EndProject
Global
	GlobalSection(SolutionConfigurationPlatforms) = preSolution
		Debug|Any CPU = Debug|Any CPU
		Release|Any CPU = Release|Any CPU
	EndGlobalSection
	GlobalSection(ProjectConfigurationPlatforms) = postSolution
		{AAF3C32C-07BE-4176-BC4D-63CAED12F04C}.Debug|Any CPU.ActiveCfg = Debug|Any CPU
		{AAF3C32C-07BE-4176-BC4D-63CAED12F04C}.Debug|Any CPU.Build.0 = Debug|Any CPU
		{AAF3C32C-07BE-4176-BC4D-63CAED12F04C}.Release|Any CPU.ActiveCfg = Release|Any CPU
		{AAF3C32C-07BE-4176-BC4D-63CAED12F04C}.Release|Any CPU.Build.0 = Release|Any CPU
	EndGlobalSection
EndGlobal
