
Microsoft Visual Studio Solution File, Format Version 12.00
# Visual Studio Version 17
VisualStudioVersion = 17.8.34330.188
MinimumVisualStudioVersion = 10.0.40219.1
Project("{FAE04EC0-301F-11D3-BF4B-00C04F79EFBC}") = "Academy", "Academy\Academy.csproj", "{5FBCDC7B-C4CA-48BB-ACE5-6AC0E68439CB}"
EndProject
Global
	GlobalSection(SolutionConfigurationPlatforms) = preSolution
		Debug|Any CPU = Debug|Any CPU
		Release|Any CPU = Release|Any CPU
	EndGlobalSection
	GlobalSection(ProjectConfigurationPlatforms) = postSolution
		{5FBCDC7B-C4CA-48BB-ACE5-6AC0E68439CB}.Debug|Any CPU.ActiveCfg = Debug|Any CPU
		{5FBCDC7B-C4CA-48BB-ACE5-6AC0E68439CB}.Debug|Any CPU.Build.0 = Debug|Any CPU
		{5FBCDC7B-C4CA-48BB-ACE5-6AC0E68439CB}.Release|Any CPU.ActiveCfg = Release|Any CPU
		{5FBCDC7B-C4CA-48BB-ACE5-6AC0E68439CB}.Release|Any CPU.Build.0 = Release|Any CPU
	EndGlobalSection
	GlobalSection(SolutionProperties) = preSolution
		HideSolutionNode = FALSE
	EndGlobalSection
	GlobalSection(ExtensibilityGlobals) = postSolution
		SolutionGuid = {58498161-1184-49A7-ADCA-1FA260729EF1}
	EndGlobalSection
EndGlobal
