
Microsoft Visual Studio Solution File, Format Version 12.00
# Visual Studio Version 17
VisualStudioVersion = 17.5.33516.290
MinimumVisualStudioVersion = 10.0.40219.1
Project("{FAE04EC0-301F-11D3-BF4B-00C04F79EFBC}") = "3.08.2023", "3.08.2023\3.08.2023.csproj", "{876D5766-ECEE-46A7-A8F8-C17770A0DF36}"
EndProject
Global
	GlobalSection(SolutionConfigurationPlatforms) = preSolution
		Debug|Any CPU = Debug|Any CPU
		Release|Any CPU = Release|Any CPU
	EndGlobalSection
	GlobalSection(ProjectConfigurationPlatforms) = postSolution
		{876D5766-ECEE-46A7-A8F8-C17770A0DF36}.Debug|Any CPU.ActiveCfg = Debug|Any CPU
		{876D5766-ECEE-46A7-A8F8-C17770A0DF36}.Debug|Any CPU.Build.0 = Debug|Any CPU
		{876D5766-ECEE-46A7-A8F8-C17770A0DF36}.Release|Any CPU.ActiveCfg = Release|Any CPU
		{876D5766-ECEE-46A7-A8F8-C17770A0DF36}.Release|Any CPU.Build.0 = Release|Any CPU
	EndGlobalSection
	GlobalSection(SolutionProperties) = preSolution
		HideSolutionNode = FALSE
	EndGlobalSection
	GlobalSection(ExtensibilityGlobals) = postSolution
		SolutionGuid = {D4482381-B4A6-4BCE-9447-7D1CB9D640A8}
	EndGlobalSection
EndGlobal
