
Microsoft Visual Studio Solution File, Format Version 12.00
Project("{FAE04EC0-301F-11D3-BF4B-00C04F79EFBC}") = "3.12.2023_FactoryMethod", "3.12.2023_FactoryMethod\3.12.2023_FactoryMethod.csproj", "{BF22E894-B7E4-4F65-A32D-2278251CFED6}"
EndProject
Global
	GlobalSection(SolutionConfigurationPlatforms) = preSolution
		Debug|Any CPU = Debug|Any CPU
		Release|Any CPU = Release|Any CPU
	EndGlobalSection
	GlobalSection(ProjectConfigurationPlatforms) = postSolution
		{BF22E894-B7E4-4F65-A32D-2278251CFED6}.Debug|Any CPU.ActiveCfg = Debug|Any CPU
		{BF22E894-B7E4-4F65-A32D-2278251CFED6}.Debug|Any CPU.Build.0 = Debug|Any CPU
		{BF22E894-B7E4-4F65-A32D-2278251CFED6}.Release|Any CPU.ActiveCfg = Release|Any CPU
		{BF22E894-B7E4-4F65-A32D-2278251CFED6}.Release|Any CPU.Build.0 = Release|Any CPU
	EndGlobalSection
EndGlobal
